
Microsoft Visual Studio Solution File, Format Version 12.00
# Visual Studio Version 17
VisualStudioVersion = 17.3.32929.385
MinimumVisualStudioVersion = 10.0.40219.1
Project("{FAE04EC0-301F-11D3-BF4B-00C04F79EFBC}") = "WEPAPI_Microservice", "WEPAPI_Microservice\WEPAPI_Microservice.csproj", "{56B5FAFF-B023-4223-9ACA-162A0CDCAB8E}"
EndProject
Global
	GlobalSection(SolutionConfigurationPlatforms) = preSolution
		Debug|Any CPU = Debug|Any CPU
		Release|Any CPU = Release|Any CPU
	EndGlobalSection
	GlobalSection(ProjectConfigurationPlatforms) = postSolution
		{56B5FAFF-B023-4223-9ACA-162A0CDCAB8E}.Debug|Any CPU.ActiveCfg = Debug|Any CPU
		{56B5FAFF-B023-4223-9ACA-162A0CDCAB8E}.Debug|Any CPU.Build.0 = Debug|Any CPU
		{56B5FAFF-B023-4223-9ACA-162A0CDCAB8E}.Release|Any CPU.ActiveCfg = Release|Any CPU
		{56B5FAFF-B023-4223-9ACA-162A0CDCAB8E}.Release|Any CPU.Build.0 = Release|Any CPU
	EndGlobalSection
	GlobalSection(SolutionProperties) = preSolution
		HideSolutionNode = FALSE
	EndGlobalSection
	GlobalSection(ExtensibilityGlobals) = postSolution
		SolutionGuid = {684D3F8E-1AA5-42FE-BB3D-36163A614845}
	EndGlobalSection
EndGlobal
